
Microsoft Visual Studio Solution File, Format Version 12.00
# Visual Studio Version 16
VisualStudioVersion = 16.0.31702.278
MinimumVisualStudioVersion = 10.0.40219.1
Project("{FAE04EC0-301F-11D3-BF4B-00C04F79EFBC}") = "TestProj1", "TestProj1\TestProj1.csproj", "{FE3F195D-65BD-4EAD-86F6-0526E35E849A}"
EndProject
Global
	GlobalSection(SolutionConfigurationPlatforms) = preSolution
		Debug|Any CPU = Debug|Any CPU
		Release|Any CPU = Release|Any CPU
	EndGlobalSection
	GlobalSection(ProjectConfigurationPlatforms) = postSolution
		{FE3F195D-65BD-4EAD-86F6-0526E35E849A}.Debug|Any CPU.ActiveCfg = Debug|Any CPU
		{FE3F195D-65BD-4EAD-86F6-0526E35E849A}.Debug|Any CPU.Build.0 = Debug|Any CPU
		{FE3F195D-65BD-4EAD-86F6-0526E35E849A}.Release|Any CPU.ActiveCfg = Release|Any CPU
		{FE3F195D-65BD-4EAD-86F6-0526E35E849A}.Release|Any CPU.Build.0 = Release|Any CPU
	EndGlobalSection
	GlobalSection(SolutionProperties) = preSolution
		HideSolutionNode = FALSE
	EndGlobalSection
	GlobalSection(ExtensibilityGlobals) = postSolution
		SolutionGuid = {1E62541C-11EE-452C-AE5A-0BA1D57E7755}
	EndGlobalSection
EndGlobal
